
Microsoft Visual Studio Solution File, Format Version 12.00
# Visual Studio Version 16
VisualStudioVersion = 16.0.33423.256
MinimumVisualStudioVersion = 10.0.40219.1
Project("{FAE04EC0-301F-11D3-BF4B-00C04F79EFBC}") = "ThemPhanTuVaoMang", "ThemPhanTuVaoMang.csproj", "{2351F7CC-56E4-4F9A-B0CA-665BE39CA90B}"
EndProject
Global
	GlobalSection(SolutionConfigurationPlatforms) = preSolution
		Debug|Any CPU = Debug|Any CPU
		Release|Any CPU = Release|Any CPU
	EndGlobalSection
	GlobalSection(ProjectConfigurationPlatforms) = postSolution
		{2351F7CC-56E4-4F9A-B0CA-665BE39CA90B}.Debug|Any CPU.ActiveCfg = Debug|Any CPU
		{2351F7CC-56E4-4F9A-B0CA-665BE39CA90B}.Debug|Any CPU.Build.0 = Debug|Any CPU
		{2351F7CC-56E4-4F9A-B0CA-665BE39CA90B}.Release|Any CPU.ActiveCfg = Release|Any CPU
		{2351F7CC-56E4-4F9A-B0CA-665BE39CA90B}.Release|Any CPU.Build.0 = Release|Any CPU
	EndGlobalSection
	GlobalSection(SolutionProperties) = preSolution
		HideSolutionNode = FALSE
	EndGlobalSection
	GlobalSection(ExtensibilityGlobals) = postSolution
		SolutionGuid = {CC038468-DE3A-4620-A91B-0BF015F387F9}
	EndGlobalSection
EndGlobal
